
Microsoft Visual Studio Solution File, Format Version 12.00
# Visual Studio Version 17
VisualStudioVersion = 17.14.37216.2 d17.14
MinimumVisualStudioVersion = 10.0.40219.1
Project("{FAE04EC0-301F-11D3-BF4B-00C04F79EFBC}") = "api_practice", "api_practice.csproj", "{CA99DB30-616E-4ECF-8652-912962A8E934}"
EndProject
Global
	GlobalSection(SolutionConfigurationPlatforms) = preSolution
		Debug|Any CPU = Debug|Any CPU
		Release|Any CPU = Release|Any CPU
	EndGlobalSection
	GlobalSection(ProjectConfigurationPlatforms) = postSolution
		{CA99DB30-616E-4ECF-8652-912962A8E934}.Debug|Any CPU.ActiveCfg = Debug|Any CPU
		{CA99DB30-616E-4ECF-8652-912962A8E934}.Debug|Any CPU.Build.0 = Debug|Any CPU
		{CA99DB30-616E-4ECF-8652-912962A8E934}.Release|Any CPU.ActiveCfg = Release|Any CPU
		{CA99DB30-616E-4ECF-8652-912962A8E934}.Release|Any CPU.Build.0 = Release|Any CPU
	EndGlobalSection
	GlobalSection(SolutionProperties) = preSolution
		HideSolutionNode = FALSE
	EndGlobalSection
	GlobalSection(ExtensibilityGlobals) = postSolution
		SolutionGuid = {789742C0-C275-4808-8FA5-486C8D2D6501}
	EndGlobalSection
EndGlobal
